
Microsoft Visual Studio Solution File, Format Version 11.00
# Visual Studio 2010
Project("{FAE04EC0-301F-11D3-BF4B-00C04F79EFBC}") = "UniRx", "UniRx.csproj", "{2F0B9F56-404A-D3C4-C9D5-EC0C248984C3}"
EndProject
Project("{FAE04EC0-301F-11D3-BF4B-00C04F79EFBC}") = "UniRx.Examples", "UniRx.Examples.csproj", "{77A65631-F997-8C67-BDB3-DFE0E789EC00}"
EndProject
Project("{FAE04EC0-301F-11D3-BF4B-00C04F79EFBC}") = "Assembly-CSharp", "Assembly-CSharp.csproj", "{D3A807EF-C597-9C6F-C859-3428E5AD9F80}"
EndProject
Project("{FAE04EC0-301F-11D3-BF4B-00C04F79EFBC}") = "Assembly-CSharp-Editor", "Assembly-CSharp-Editor.csproj", "{27613918-6EE5-1F90-093C-3DBDB0483D04}"
EndProject
Global
	GlobalSection(SolutionConfigurationPlatforms) = preSolution
		Debug|Any CPU = Debug|Any CPU
		Release|Any CPU = Release|Any CPU
	EndGlobalSection
	GlobalSection(ProjectConfigurationPlatforms) = postSolution
		{2F0B9F56-404A-D3C4-C9D5-EC0C248984C3}.Debug|Any CPU.ActiveCfg = Debug|Any CPU
		{2F0B9F56-404A-D3C4-C9D5-EC0C248984C3}.Debug|Any CPU.Build.0 = Debug|Any CPU
		{2F0B9F56-404A-D3C4-C9D5-EC0C248984C3}.Release|Any CPU.ActiveCfg = Release|Any CPU
		{2F0B9F56-404A-D3C4-C9D5-EC0C248984C3}.Release|Any CPU.Build.0 = Release|Any CPU
		{77A65631-F997-8C67-BDB3-DFE0E789EC00}.Debug|Any CPU.ActiveCfg = Debug|Any CPU
		{77A65631-F997-8C67-BDB3-DFE0E789EC00}.Debug|Any CPU.Build.0 = Debug|Any CPU
		{77A65631-F997-8C67-BDB3-DFE0E789EC00}.Release|Any CPU.ActiveCfg = Release|Any CPU
		{77A65631-F997-8C67-BDB3-DFE0E789EC00}.Release|Any CPU.Build.0 = Release|Any CPU
		{D3A807EF-C597-9C6F-C859-3428E5AD9F80}.Debug|Any CPU.ActiveCfg = Debug|Any CPU
		{D3A807EF-C597-9C6F-C859-3428E5AD9F80}.Debug|Any CPU.Build.0 = Debug|Any CPU
		{D3A807EF-C597-9C6F-C859-3428E5AD9F80}.Release|Any CPU.ActiveCfg = Release|Any CPU
		{D3A807EF-C597-9C6F-C859-3428E5AD9F80}.Release|Any CPU.Build.0 = Release|Any CPU
		{27613918-6EE5-1F90-093C-3DBDB0483D04}.Debug|Any CPU.ActiveCfg = Debug|Any CPU
		{27613918-6EE5-1F90-093C-3DBDB0483D04}.Debug|Any CPU.Build.0 = Debug|Any CPU
		{27613918-6EE5-1F90-093C-3DBDB0483D04}.Release|Any CPU.ActiveCfg = Release|Any CPU
		{27613918-6EE5-1F90-093C-3DBDB0483D04}.Release|Any CPU.Build.0 = Release|Any CPU
	EndGlobalSection
	GlobalSection(SolutionProperties) = preSolution
		HideSolutionNode = FALSE
	EndGlobalSection
EndGlobal
